
Microsoft Visual Studio Solution File, Format Version 12.00
# Visual Studio 14
VisualStudioVersion = 14.0.25420.1
MinimumVisualStudioVersion = 10.0.40219.1
Project("{F184B08F-C81C-45F6-A57F-5ABD9991F28F}") = "aoFormWizard2", "aoFormWizard2\aoFormWizard2.vbproj", "{C6554498-EBB9-4809-A750-92D8CC0B902D}"
EndProject
Global
	GlobalSection(SolutionConfigurationPlatforms) = preSolution
		Debug|Any CPU = Debug|Any CPU
		Release|Any CPU = Release|Any CPU
	EndGlobalSection
	GlobalSection(ProjectConfigurationPlatforms) = postSolution
		{C6554498-EBB9-4809-A750-92D8CC0B902D}.Debug|Any CPU.ActiveCfg = Debug|Any CPU
		{C6554498-EBB9-4809-A750-92D8CC0B902D}.Debug|Any CPU.Build.0 = Debug|Any CPU
		{C6554498-EBB9-4809-A750-92D8CC0B902D}.Release|Any CPU.ActiveCfg = Release|Any CPU
		{C6554498-EBB9-4809-A750-92D8CC0B902D}.Release|Any CPU.Build.0 = Release|Any CPU
	EndGlobalSection
	GlobalSection(SolutionProperties) = preSolution
		HideSolutionNode = FALSE
	EndGlobalSection
EndGlobal
